
Microsoft Visual Studio Solution File, Format Version 12.00
# Visual Studio Version 16
VisualStudioVersion = 16.0.29613.14
MinimumVisualStudioVersion = 10.0.40219.1
Project("{FAE04EC0-301F-11D3-BF4B-00C04F79EFBC}") = "sampleTest.api", "sampleTest.api\sampleTest.api.csproj", "{EEC0EF87-BEC7-4E87-B498-51C84B70D87B}"
EndProject
Global
	GlobalSection(SolutionConfigurationPlatforms) = preSolution
		Debug|Any CPU = Debug|Any CPU
		Release|Any CPU = Release|Any CPU
	EndGlobalSection
	GlobalSection(ProjectConfigurationPlatforms) = postSolution
		{EEC0EF87-BEC7-4E87-B498-51C84B70D87B}.Debug|Any CPU.ActiveCfg = Debug|Any CPU
		{EEC0EF87-BEC7-4E87-B498-51C84B70D87B}.Debug|Any CPU.Build.0 = Debug|Any CPU
		{EEC0EF87-BEC7-4E87-B498-51C84B70D87B}.Release|Any CPU.ActiveCfg = Release|Any CPU
		{EEC0EF87-BEC7-4E87-B498-51C84B70D87B}.Release|Any CPU.Build.0 = Release|Any CPU
	EndGlobalSection
	GlobalSection(SolutionProperties) = preSolution
		HideSolutionNode = FALSE
	EndGlobalSection
	GlobalSection(ExtensibilityGlobals) = postSolution
		SolutionGuid = {A61B8FFB-5CE6-4763-B798-47F12969B76A}
	EndGlobalSection
EndGlobal
